Microsoft Visual Studio Solution File, Format Version 12.00
# Visual Studio Version 17
VisualStudioVersion = 17.14.35821.62
MinimumVisualStudioVersion = 10.0.40219.1
Project("{FAE04EC0-301F-11D3-BF4B-00C04F79EFBC}") = "SubscriptionService.Api", "SubscriptionService.Api\SubscriptionService.Api.csproj", "{C1753E01-20FA-4DD9-BBBC-DE34F6702B75}"
EndProject
Project("{FAE04EC0-301F-11D3-BF4B-00C04F79EFBC}") = "SubscriptionService.Infrastructure", "SubscriptionService.Infrastructure\SubscriptionService.Infrastructure.csproj", "{32CAB683-85BC-4DC5-AF32-C6B565ED1F46}"
EndProject
Project("{FAE04EC0-301F-11D3-BF4B-00C04F79EFBC}") = "SubscriptionService.Application", "SubscriptionService.Application\SubscriptionService.Application.csproj", "{68FD8097-ED7A-4A42-9984-210470D742A6}"
EndProject
Project("{FAE04EC0-301F-11D3-BF4B-00C04F79EFBC}") = "SubscriptionService.Domain", "SubscriptionService.Domain\SubscriptionService.Domain.csproj", "{652BB8EA-D55E-41B7-B082-BD56E57D6168}"
EndProject
Project("{2150E333-8FDC-42A3-9474-1A3956D46DE8}") = "Solution Items", "Solution Items", "{02EA681E-C7D8-13C7-8484-4AC65E1B71E8}"
	ProjectSection(SolutionItems) = preProject
		..\Directory.Packages.props = ..\Directory.Packages.props
	EndProjectSection
EndProject
Project("{FAE04EC0-301F-11D3-BF4B-00C04F79EFBC}") = "SubscriptionService.DatabaseMigration", "SubscriptionService.DatabaseMigration\SubscriptionService.DatabaseMigration.csproj", "{A1858EE7-9B4D-4839-9D6D-0BA478E09DE3}"
EndProject
Global
	GlobalSection(SolutionConfigurationPlatforms) = preSolution
		Debug|Any CPU = Debug|Any CPU
		Release|Any CPU = Release|Any CPU
	EndGlobalSection
	GlobalSection(ProjectConfigurationPlatforms) = postSolution
		{C1753E01-20FA-4DD9-BBBC-DE34F6702B75}.Debug|Any CPU.ActiveCfg = Debug|Any CPU
		{C1753E01-20FA-4DD9-BBBC-DE34F6702B75}.Debug|Any CPU.Build.0 = Debug|Any CPU
		{C1753E01-20FA-4DD9-BBBC-DE34F6702B75}.Release|Any CPU.ActiveCfg = Release|Any CPU
		{C1753E01-20FA-4DD9-BBBC-DE34F6702B75}.Release|Any CPU.Build.0 = Release|Any CPU
		{32CAB683-85BC-4DC5-AF32-C6B565ED1F46}.Debug|Any CPU.ActiveCfg = Debug|Any CPU
		{32CAB683-85BC-4DC5-AF32-C6B565ED1F46}.Debug|Any CPU.Build.0 = Debug|Any CPU
		{32CAB683-85BC-4DC5-AF32-C6B565ED1F46}.Release|Any CPU.ActiveCfg = Release|Any CPU
		{32CAB683-85BC-4DC5-AF32-C6B565ED1F46}.Release|Any CPU.Build.0 = Release|Any CPU
		{68FD8097-ED7A-4A42-9984-210470D742A6}.Debug|Any CPU.ActiveCfg = Debug|Any CPU
		{68FD8097-ED7A-4A42-9984-210470D742A6}.Debug|Any CPU.Build.0 = Debug|Any CPU
		{68FD8097-ED7A-4A42-9984-210470D742A6}.Release|Any CPU.ActiveCfg = Release|Any CPU
		{68FD8097-ED7A-4A42-9984-210470D742A6}.Release|Any CPU.Build.0 = Release|Any CPU
		{652BB8EA-D55E-41B7-B082-BD56E57D6168}.Debug|Any CPU.ActiveCfg = Debug|Any CPU
		{652BB8EA-D55E-41B7-B082-BD56E57D6168}.Debug|Any CPU.Build.0 = Debug|Any CPU
		{652BB8EA-D55E-41B7-B082-BD56E57D6168}.Release|Any CPU.ActiveCfg = Release|Any CPU
		{652BB8EA-D55E-41B7-B082-BD56E57D6168}.Release|Any CPU.Build.0 = Release|Any CPU
		{A1858EE7-9B4D-4839-9D6D-0BA478E09DE3}.Debug|Any CPU.ActiveCfg = Debug|Any CPU
		{A1858EE7-9B4D-4839-9D6D-0BA478E09DE3}.Debug|Any CPU.Build.0 = Debug|Any CPU
		{A1858EE7-9B4D-4839-9D6D-0BA478E09DE3}.Release|Any CPU.ActiveCfg = Release|Any CPU
		{A1858EE7-9B4D-4839-9D6D-0BA478E09DE3}.Release|Any CPU.Build.0 = Release|Any CPU
	EndGlobalSection
	GlobalSection(SolutionProperties) = preSolution
		HideSolutionNode = FALSE
	EndGlobalSection
	GlobalSection(ExtensibilityGlobals) = postSolution
		SolutionGuid = {4F04BAE8-4133-4CF8-B3F7-575880A57FFE}
	EndGlobalSection
EndGlobal
